PODS:
  - BoringSSL (10.0.2):
    - BoringSSL/Implementation (= 10.0.2)
    - BoringSSL/Interface (= 10.0.2)
  - BoringSSL/Implementation (10.0.2):
    - BoringSSL/Interface (= 10.0.2)
  - BoringSSL/Interface (10.0.2)
  - Expecta (1.0.6)
  - "Expecta+Snapshots (3.1.1)":
    - Expecta (~> 1.0)
    - FBSnapshotTestCase/Core (~> 2.0)
    - Specta (~> 1.0)
  - FBSnapshotTestCase (2.1.4):
    - FBSnapshotTestCase/SwiftSupport (= 2.1.4)
  - FBSnapshotTestCase/Core (2.1.4)
  - FBSnapshotTestCase/SwiftSupport (2.1.4):
    - FBSnapshotTestCase/Core
  - gRPC (1.12.0):
    - gRPC-RxLibrary (= 1.12.0)
    - gRPC/Main (= 1.12.0)
  - gRPC-Core (1.12.0):
    - gRPC-Core/Implementation (= 1.12.0)
    - gRPC-Core/Interface (= 1.12.0)
  - gRPC-Core/Implementation (1.12.0):
    - BoringSSL (~> 10.0)
    - gRPC-Core/Interface (= 1.12.0)
    - nanopb (~> 0.3)
  - gRPC-Core/Interface (1.12.0)
  - gRPC-ProtoRPC (1.12.0):
    - gRPC (= 1.12.0)
    - gRPC-RxLibrary (= 1.12.0)
    - Protobuf (~> 3.0)
  - gRPC-RxLibrary (1.12.0)
  - gRPC/Main (1.12.0):
    - gRPC-Core (= 1.12.0)
    - gRPC-RxLibrary (= 1.12.0)
  - MKSDK (1.0.0):
    - gRPC-ProtoRPC
    - Protobuf
  - nanopb (0.3.8):
    - nanopb/decode (= 0.3.8)
    - nanopb/encode (= 0.3.8)
  - nanopb/decode (0.3.8)
  - nanopb/encode (0.3.8)
  - Protobuf (3.5.0)
  - Specta (1.0.7)

DEPENDENCIES:
  - Expecta
  - "Expecta+Snapshots"
  - FBSnapshotTestCase
  - MKSDK (from `../`)
  - Specta

SPEC REPOS:
  https://github.com/CocoaPods/Specs.git:
    - BoringSSL
    - Expecta
    - "Expecta+Snapshots"
    - FBSnapshotTestCase
    - gRPC
    - gRPC-Core
    - gRPC-ProtoRPC
    - gRPC-RxLibrary
    - nanopb
    - Protobuf
    - Specta

EXTERNAL SOURCES:
  MKSDK:
    :path: "../"

SPEC CHECKSUMS:
  BoringSSL: 60dd24df4af296bf41d78e5841dbb95d75f88c0d
  Expecta: 3b6bd90a64b9a1dcb0b70aa0e10a7f8f631667d5
  "Expecta+Snapshots": dcff217eef506dabd6dfdc7864ea2da321fafbb8
  FBSnapshotTestCase: 094f9f314decbabe373b87cc339bea235a63e07a
  gRPC: 9362451032695e2dfb7bafcd3740e3a27939e4ff
  gRPC-Core: 9696b220565b283e021cf2722d473a4a74b7622a
  gRPC-ProtoRPC: a1bd56fb1991a8dae4581250d7259eddabb66779
  gRPC-RxLibrary: 1ed5314e8b38cd6e55c9bfa048387136ae925ce9
  MKSDK: 6148bccd06a0beac7532e1b1cfdaf5ab705d0ff5
  nanopb: 5601e6bca2dbf1ed831b519092ec110f66982ca3
  Protobuf: 8a9838fba8dae3389230e1b7f8c104aa32389c03
  Specta: 3e1bd89c3517421982dc4d1c992503e48bd5fe66

PODFILE CHECKSUM: 4b64782425e08da14615c2f5af65dad7eeb189ad

COCOAPODS: 1.5.0
